
Microsoft Visual Studio Solution File, Format Version 12.00
# Visual Studio Version 16
VisualStudioVersion = 16.0.30907.101
MinimumVisualStudioVersion = 15.0.26124.0
Project("{9A19103F-16F7-4668-BE54-9A1E7A4F7556}") = "MyWebApp", "MyWebApp\MyWebApp.csproj", "{CE338907-AE94-4387-BE97-A1B7591A0B50}"
EndProject
Project("{FAE04EC0-301F-11D3-BF4B-00C04F79EFBC}") = "MyWebApp.IntegrationTests", "MyWebApp.IntegrationTests\MyWebApp.IntegrationTests.csproj", "{6213C3D4-44D6-42C2-A57C-52ADF0C21165}"
EndProject
Global
	GlobalSection(SolutionConfigurationPlatforms) = preSolution
		Debug|Any CPU = Debug|Any CPU
		Debug|x64 = Debug|x64
		Debug|x86 = Debug|x86
		Release|Any CPU = Release|Any CPU
		Release|x64 = Release|x64
		Release|x86 = Release|x86
	EndGlobalSection
	GlobalSection(ProjectConfigurationPlatforms) = postSolution
		{CE338907-AE94-4387-BE97-A1B7591A0B50}.Debug|Any CPU.ActiveCfg = Debug|Any CPU
		{CE338907-AE94-4387-BE97-A1B7591A0B50}.Debug|Any CPU.Build.0 = Debug|Any CPU
		{CE338907-AE94-4387-BE97-A1B7591A0B50}.Debug|x64.ActiveCfg = Debug|Any CPU
		{CE338907-AE94-4387-BE97-A1B7591A0B50}.Debug|x64.Build.0 = Debug|Any CPU
		{CE338907-AE94-4387-BE97-A1B7591A0B50}.Debug|x86.ActiveCfg = Debug|Any CPU
		{CE338907-AE94-4387-BE97-A1B7591A0B50}.Debug|x86.Build.0 = Debug|Any CPU
		{CE338907-AE94-4387-BE97-A1B7591A0B50}.Release|Any CPU.ActiveCfg = Release|Any CPU
		{CE338907-AE94-4387-BE97-A1B7591A0B50}.Release|Any CPU.Build.0 = Release|Any CPU
		{CE338907-AE94-4387-BE97-A1B7591A0B50}.Release|x64.ActiveCfg = Release|Any CPU
		{CE338907-AE94-4387-BE97-A1B7591A0B50}.Release|x64.Build.0 = Release|Any CPU
		{CE338907-AE94-4387-BE97-A1B7591A0B50}.Release|x86.ActiveCfg = Release|Any CPU
		{CE338907-AE94-4387-BE97-A1B7591A0B50}.Release|x86.Build.0 = Release|Any CPU
		{6213C3D4-44D6-42C2-A57C-52ADF0C21165}.Debug|Any CPU.ActiveCfg = Debug|Any CPU
		{6213C3D4-44D6-42C2-A57C-52ADF0C21165}.Debug|Any CPU.Build.0 = Debug|Any CPU
		{6213C3D4-44D6-42C2-A57C-52ADF0C21165}.Debug|x64.ActiveCfg = Debug|Any CPU
		{6213C3D4-44D6-42C2-A57C-52ADF0C21165}.Debug|x64.Build.0 = Debug|Any CPU
		{6213C3D4-44D6-42C2-A57C-52ADF0C21165}.Debug|x86.ActiveCfg = Debug|Any CPU
		{6213C3D4-44D6-42C2-A57C-52ADF0C21165}.Debug|x86.Build.0 = Debug|Any CPU
		{6213C3D4-44D6-42C2-A57C-52ADF0C21165}.Release|Any CPU.ActiveCfg = Release|Any CPU
		{6213C3D4-44D6-42C2-A57C-52ADF0C21165}.Release|Any CPU.Build.0 = Release|Any CPU
		{6213C3D4-44D6-42C2-A57C-52ADF0C21165}.Release|x64.ActiveCfg = Release|Any CPU
		{6213C3D4-44D6-42C2-A57C-52ADF0C21165}.Release|x64.Build.0 = Release|Any CPU
		{6213C3D4-44D6-42C2-A57C-52ADF0C21165}.Release|x86.ActiveCfg = Release|Any CPU
		{6213C3D4-44D6-42C2-A57C-52ADF0C21165}.Release|x86.Build.0 = Release|Any CPU
	EndGlobalSection
	GlobalSection(SolutionProperties) = preSolution
		HideSolutionNode = FALSE
	EndGlobalSection
	GlobalSection(ExtensibilityGlobals) = postSolution
		SolutionGuid = {634683D5-84D1-470B-92ED-8F4AD69EABED}
	EndGlobalSection
EndGlobal
